# This file is automatically @generated by Cargo.
# It is not intended for manual editing.
version = 3

[[package]]
name = "dotenv"
version = "0.15.0"
source = "registry+https://github.com/rust-lang/crates.io-index"
checksum = "77c90badedccf4105eca100756a0b1289e191f6fcbdadd3cee1d2f614f97da8f"

[[package]]
name = "log"
version = "0.4.20"
source = "registry+https://github.com/rust-lang/crates.io-index"
checksum = "b5e6163cb8c49088c2c36f57875e58ccd8c87c7427f7fbd50ea6710b2f3f2e8f"

[[package]]
name = "primes"
version = "0.3.0"
source = "registry+https://github.com/rust-lang/crates.io-index"
checksum = "68a61082d8bceecd71a3870e9162002bb75f7ba9c7aa8b76227e887782fef9c8"

[[package]]
name = "raptor-code"
version = "1.0.6"
source = "registry+https://github.com/rust-lang/crates.io-index"
checksum = "842f8ab0b62f5670639474e2b6ec7c235610fe1b5dbf5f09ea4a85701e4a15bd"
dependencies = [
 "log",
 "primes",
]

[[package]]
name = "raptorq"
version = "1.8.0"
source = "registry+https://github.com/rust-lang/crates.io-index"
checksum = "6c9cf9270cc5903afdef387f06ef1cd89fb77f45c357c2a425bae78b839fd866"

[[package]]
name = "udp_ftp_stateless"
version = "0.1.0"
dependencies = [
 "dotenv",
 "raptor-code",
 "raptorq",
]
